
Microsoft Visual Studio Solution File, Format Version 12.00
# Visual Studio Version 17
VisualStudioVersion = 17.1.32407.343
MinimumVisualStudioVersion = 10.0.40219.1
Project("{FAE04EC0-301F-11D3-BF4B-00C04F79EFBC}") = "My-books-2nd", "My-books-2nd\My-books-2nd.csproj", "{FB11073A-3BC2-44B5-BC0A-DF4291AF5416}"
EndProject
Global
	GlobalSection(SolutionConfigurationPlatforms) = preSolution
		Debug|Any CPU = Debug|Any CPU
		Release|Any CPU = Release|Any CPU
	EndGlobalSection
	GlobalSection(ProjectConfigurationPlatforms) = postSolution
		{FB11073A-3BC2-44B5-BC0A-DF4291AF5416}.Debug|Any CPU.ActiveCfg = Debug|Any CPU
		{FB11073A-3BC2-44B5-BC0A-DF4291AF5416}.Debug|Any CPU.Build.0 = Debug|Any CPU
		{FB11073A-3BC2-44B5-BC0A-DF4291AF5416}.Release|Any CPU.ActiveCfg = Release|Any CPU
		{FB11073A-3BC2-44B5-BC0A-DF4291AF5416}.Release|Any CPU.Build.0 = Release|Any CPU
	EndGlobalSection
	GlobalSection(SolutionProperties) = preSolution
		HideSolutionNode = FALSE
	EndGlobalSection
	GlobalSection(ExtensibilityGlobals) = postSolution
		SolutionGuid = {4F6A881F-6CEB-4807-A46D-18121448EAA9}
	EndGlobalSection
EndGlobal
